
Microsoft Visual Studio Solution File, Format Version 12.00
# Visual Studio Version 17
VisualStudioVersion = 17.4.33403.182
MinimumVisualStudioVersion = 10.0.40219.1
Project("{2150E333-8FDC-42A3-9474-1A3956D46DE8}") = "CrossCutting", "CrossCutting", "{3E3621C3-99EE-4A58-BD2E-D44CF9E86CB8}"
EndProject
Project("{2150E333-8FDC-42A3-9474-1A3956D46DE8}") = "Core", "Core", "{83E2D5A4-BD3A-4C45-81EE-D959CAF53FC9}"
EndProject
Project("{9A19103F-16F7-4668-BE54-9A1E7A4F7556}") = "CrossCutting.Core.Bootstrapping", "CrossCutting.Core.Bootstrapping\CrossCutting.Core.Bootstrapping.csproj", "{3EEAE375-E08A-4E93-A384-E1D0A07BDA8D}"
EndProject
Project("{9A19103F-16F7-4668-BE54-9A1E7A4F7556}") = "CrossCutting.Core.Configuration", "CrossCutting.Core.Configuration\CrossCutting.Core.Configuration.csproj", "{63B78128-39BF-4428-B0A6-EB4B8B9186C7}"
EndProject
Project("{9A19103F-16F7-4668-BE54-9A1E7A4F7556}") = "CrossCutting.Core.Configuration.File", "CrossCutting.Core.Configuration.File\CrossCutting.Core.Configuration.File.csproj", "{8CEDDC49-493E-4665-A6BE-9DF75367A2E1}"
EndProject
Project("{9A19103F-16F7-4668-BE54-9A1E7A4F7556}") = "CrossCutting.Core.Contract", "CrossCutting.Core.Contract\CrossCutting.Core.Contract.csproj", "{0452F570-4784-4395-81FA-7B2777BEE854}"
EndProject
Project("{9A19103F-16F7-4668-BE54-9A1E7A4F7556}") = "CrossCutting.Core.DI.AutofacAdapter", "CrossCutting.Core.DI.AutofacAdapter\CrossCutting.Core.DI.AutofacAdapter.csproj", "{FD0FE898-1956-4E2E-9F85-164717300A70}"
EndProject
Project("{9A19103F-16F7-4668-BE54-9A1E7A4F7556}") = "CrossCutting.Core.EventBrokerage", "CrossCutting.Core.EventBrokerage\CrossCutting.Core.EventBrokerage.csproj", "{F3E67265-A41D-4184-8159-1B80849F50E0}"
EndProject
Project("{9A19103F-16F7-4668-BE54-9A1E7A4F7556}") = "CrossCutting.Core.Logging.NLogAdapter", "CrossCutting.Core.Logging.NLogAdapter\CrossCutting.Core.Logging.NLogAdapter.csproj", "{0203DC29-8FAA-486C-A970-71C9881D0F1D}"
EndProject
Project("{2150E333-8FDC-42A3-9474-1A3956D46DE8}") = "Data", "Data", "{3DBE3D83-EACE-460F-AC69-097D65044C6A}"
EndProject
Project("{2150E333-8FDC-42A3-9474-1A3956D46DE8}") = "Logic", "Logic", "{2C777C8A-7D51-477C-B49E-3ACF4DC51C9E}"
EndProject
Project("{2150E333-8FDC-42A3-9474-1A3956D46DE8}") = "Business", "Business", "{3E63F761-ACBA-42AA-9455-9CD196D9661A}"
EndProject
Project("{2150E333-8FDC-42A3-9474-1A3956D46DE8}") = "Domain", "Domain", "{C5E6CE1F-9B13-4440-8B81-613AB322C3AE}"
EndProject
Project("{2150E333-8FDC-42A3-9474-1A3956D46DE8}") = "Foundation", "Foundation", "{E8F982A4-8B52-4658-BA3C-6FA66844E1D3}"
EndProject
Project("{2150E333-8FDC-42A3-9474-1A3956D46DE8}") = "Integration", "Integration", "{6DB9E551-E5BB-4AF6-93DF-E5F20FDA8A06}"
EndProject
Project("{2150E333-8FDC-42A3-9474-1A3956D46DE8}") = "Mappings", "Mappings", "{709D351C-6C22-491C-BFAC-A2602406602B}"
EndProject
Project("{9A19103F-16F7-4668-BE54-9A1E7A4F7556}") = "Mappings.Layton1Tool", "Mappings.Layton1Tool\Mappings.Layton1Tool.csproj", "{FC91E3DF-BAAB-44E1-A0A3-1EDE702B9067}"
EndProject
Project("{2150E333-8FDC-42A3-9474-1A3956D46DE8}") = "UI", "UI", "{9ADED739-09DF-4692-848B-EF5B6C8D1C3A}"
EndProject
Project("{9A19103F-16F7-4668-BE54-9A1E7A4F7556}") = "CrossCutting.Core.Configuration.CommandLine", "CrossCutting.Core.Configuration.CommandLine\CrossCutting.Core.Configuration.CommandLine.csproj", "{69174D15-2E45-4573-AD10-C523EAA7273C}"
EndProject
Project("{9A19103F-16F7-4668-BE54-9A1E7A4F7556}") = "Logic.Domain.Level5Management", "Logic.Domain.Level5Management\Logic.Domain.Level5Management.csproj", "{DE62744C-8A43-42E2-BF4E-20B57D216E79}"
EndProject
Project("{9A19103F-16F7-4668-BE54-9A1E7A4F7556}") = "Logic.Domain.Level5Management.Contract", "Logic.Domain.Level5Management.Contract\Logic.Domain.Level5Management.Contract.csproj", "{87B8E243-E3AE-4171-B707-61ADD14379F5}"
EndProject
Project("{FAE04EC0-301F-11D3-BF4B-00C04F79EFBC}") = "Logic.Domain.CodeAnalysisManagement", "Logic.Domain.CodeAnalysisManagement\Logic.Domain.CodeAnalysisManagement.csproj", "{06A0E77B-9919-43E3-948C-9F7C74C87152}"
EndProject
Project("{FAE04EC0-301F-11D3-BF4B-00C04F79EFBC}") = "Logic.Domain.CodeAnalysisManagement.Contract", "Logic.Domain.CodeAnalysisManagement.Contract\Logic.Domain.CodeAnalysisManagement.Contract.csproj", "{BCD3F18B-C364-4F58-8EC6-2C510AC892EC}"
EndProject
Project("{FAE04EC0-301F-11D3-BF4B-00C04F79EFBC}") = "Layton1Tool", "UI.Layton1Tool\Layton1Tool.csproj", "{FE78362C-6C71-07B5-3AD0-40894D0CED97}"
EndProject
Project("{FAE04EC0-301F-11D3-BF4B-00C04F79EFBC}") = "Logic.Business.Layton1ToolManagement.Contract", "Logic.Business.Layton1ToolManagement.Contract\Logic.Business.Layton1ToolManagement.Contract.csproj", "{84FFFE1E-8BDE-3AD7-FE77-0F914F16CE10}"
EndProject
Project("{FAE04EC0-301F-11D3-BF4B-00C04F79EFBC}") = "Logic.Business.Layton1ToolManagement", "Logic.Business.Layton1ToolManagement\Logic.Business.Layton1ToolManagement.csproj", "{ED516998-DFA1-DBCD-5028-CEDD9CA4A3CA}"
EndProject
Project("{FAE04EC0-301F-11D3-BF4B-00C04F79EFBC}") = "UI.Layton1Tool.Forms", "UI.Layton1Tool.Forms\UI.Layton1Tool.Forms.csproj", "{C1EFFB86-5DFF-474C-B1A3-38192DCE9F40}"
EndProject
Project("{FAE04EC0-301F-11D3-BF4B-00C04F79EFBC}") = "UI.Layton1Tool.Forms.Contract", "UI.Layton1Tool.Forms.Contract\UI.Layton1Tool.Forms.Contract.csproj", "{9EC1B1E1-A92C-4AA7-8029-6EAD2B047C66}"
EndProject
Project("{FAE04EC0-301F-11D3-BF4B-00C04F79EFBC}") = "UI.Layton1Tool.Resources", "UI.Layton1Tool.Resources\UI.Layton1Tool.Resources.csproj", "{3C80A2E7-4C75-4024-848E-D50416A2F3EF}"
EndProject
Project("{FAE04EC0-301F-11D3-BF4B-00C04F79EFBC}") = "CrossCutting.Core.Settings", "CrossCutting.Core.Settings\CrossCutting.Core.Settings.csproj", "{BAF2AE7E-DD87-D1C3-EC11-BE5F4490695A}"
EndProject
Project("{FAE04EC0-301F-11D3-BF4B-00C04F79EFBC}") = "UI.Layton1Tool.Resources.Contract", "UI.Layton1Tool.Resources.Contract\UI.Layton1Tool.Resources.Contract.csproj", "{357BC8E6-5B03-4E1E-A403-F07461456CE6}"
EndProject
Project("{FAE04EC0-301F-11D3-BF4B-00C04F79EFBC}") = "Logic.Domain.NintendoManagement", "Logic.Domain.NintendoManagement\Logic.Domain.NintendoManagement.csproj", "{E1868604-D5C5-41EF-8F35-59C00E893218}"
EndProject
Project("{FAE04EC0-301F-11D3-BF4B-00C04F79EFBC}") = "Logic.Domain.NintendoManagement.Contract", "Logic.Domain.NintendoManagement.Contract\Logic.Domain.NintendoManagement.Contract.csproj", "{55D4A098-2DDD-4BA8-9245-67F7402C0CE6}"
EndProject
Project("{FAE04EC0-301F-11D3-BF4B-00C04F79EFBC}") = "UI.Layton1Tool.Messages", "UI.Layton1Tool.Messages\UI.Layton1Tool.Messages.csproj", "{3B84D91D-44D8-468C-968C-335D2E15AF03}"
EndProject
Project("{FAE04EC0-301F-11D3-BF4B-00C04F79EFBC}") = "UI.Layton1Tool.Dialogs", "UI.Layton1Tool.Dialogs\UI.Layton1Tool.Dialogs.csproj", "{8FAD9704-11C8-4956-AB7A-863164DE4067}"
EndProject
Project("{FAE04EC0-301F-11D3-BF4B-00C04F79EFBC}") = "UI.Layton1Tool.Dialogs.Contract", "UI.Layton1Tool.Dialogs.Contract\UI.Layton1Tool.Dialogs.Contract.csproj", "{9EF65422-8A3D-4104-8CDC-CC9FEEEEFC88}"
EndProject
Project("{FAE04EC0-301F-11D3-BF4B-00C04F79EFBC}") = "CrossCutting.Messages", "CrossCutting.Messages\CrossCutting.Messages.csproj", "{E6E861D3-1802-4825-9219-DB2D5DE60E30}"
EndProject
Project("{FAE04EC0-301F-11D3-BF4B-00C04F79EFBC}") = "UI.Layton1Tool.Components", "UI.Layton1Tool.Components\UI.Layton1Tool.Components.csproj", "{09AF6DE2-8398-4CFA-9184-685C73253AD1}"
EndProject
Project("{FAE04EC0-301F-11D3-BF4B-00C04F79EFBC}") = "UI.Layton1Tool.Components.Contract", "UI.Layton1Tool.Components.Contract\UI.Layton1Tool.Components.Contract.csproj", "{4F59C6A0-4AED-4048-8F56-78A0D5277800}"
EndProject
Project("{FAE04EC0-301F-11D3-BF4B-00C04F79EFBC}") = "Logic.Domain.Level5Management.Layton1", "Logic.Domain.Level5Management.Layton1\Logic.Domain.Level5Management.Layton1.csproj", "{1D654ED2-3A26-4AD4-8515-0D5D3A27C2C0}"
EndProject
Global
	GlobalSection(SolutionConfigurationPlatforms) = preSolution
		Debug|Any CPU = Debug|Any CPU
		Release|Any CPU = Release|Any CPU
	EndGlobalSection
	GlobalSection(ProjectConfigurationPlatforms) = postSolution
		{3EEAE375-E08A-4E93-A384-E1D0A07BDA8D}.Debug|Any CPU.ActiveCfg = Debug|Any CPU
		{3EEAE375-E08A-4E93-A384-E1D0A07BDA8D}.Debug|Any CPU.Build.0 = Debug|Any CPU
		{3EEAE375-E08A-4E93-A384-E1D0A07BDA8D}.Release|Any CPU.ActiveCfg = Release|Any CPU
		{3EEAE375-E08A-4E93-A384-E1D0A07BDA8D}.Release|Any CPU.Build.0 = Release|Any CPU
		{63B78128-39BF-4428-B0A6-EB4B8B9186C7}.Debug|Any CPU.ActiveCfg = Debug|Any CPU
		{63B78128-39BF-4428-B0A6-EB4B8B9186C7}.Debug|Any CPU.Build.0 = Debug|Any CPU
		{63B78128-39BF-4428-B0A6-EB4B8B9186C7}.Release|Any CPU.ActiveCfg = Release|Any CPU
		{63B78128-39BF-4428-B0A6-EB4B8B9186C7}.Release|Any CPU.Build.0 = Release|Any CPU
		{8CEDDC49-493E-4665-A6BE-9DF75367A2E1}.Debug|Any CPU.ActiveCfg = Debug|Any CPU
		{8CEDDC49-493E-4665-A6BE-9DF75367A2E1}.Debug|Any CPU.Build.0 = Debug|Any CPU
		{8CEDDC49-493E-4665-A6BE-9DF75367A2E1}.Release|Any CPU.ActiveCfg = Release|Any CPU
		{8CEDDC49-493E-4665-A6BE-9DF75367A2E1}.Release|Any CPU.Build.0 = Release|Any CPU
		{0452F570-4784-4395-81FA-7B2777BEE854}.Debug|Any CPU.ActiveCfg = Debug|Any CPU
		{0452F570-4784-4395-81FA-7B2777BEE854}.Debug|Any CPU.Build.0 = Debug|Any CPU
		{0452F570-4784-4395-81FA-7B2777BEE854}.Release|Any CPU.ActiveCfg = Release|Any CPU
		{0452F570-4784-4395-81FA-7B2777BEE854}.Release|Any CPU.Build.0 = Release|Any CPU
		{FD0FE898-1956-4E2E-9F85-164717300A70}.Debug|Any CPU.ActiveCfg = Debug|Any CPU
		{FD0FE898-1956-4E2E-9F85-164717300A70}.Debug|Any CPU.Build.0 = Debug|Any CPU
		{FD0FE898-1956-4E2E-9F85-164717300A70}.Release|Any CPU.ActiveCfg = Release|Any CPU
		{FD0FE898-1956-4E2E-9F85-164717300A70}.Release|Any CPU.Build.0 = Release|Any CPU
		{F3E67265-A41D-4184-8159-1B80849F50E0}.Debug|Any CPU.ActiveCfg = Debug|Any CPU
		{F3E67265-A41D-4184-8159-1B80849F50E0}.Debug|Any CPU.Build.0 = Debug|Any CPU
		{F3E67265-A41D-4184-8159-1B80849F50E0}.Release|Any CPU.ActiveCfg = Release|Any CPU
		{F3E67265-A41D-4184-8159-1B80849F50E0}.Release|Any CPU.Build.0 = Release|Any CPU
		{0203DC29-8FAA-486C-A970-71C9881D0F1D}.Debug|Any CPU.ActiveCfg = Debug|Any CPU
		{0203DC29-8FAA-486C-A970-71C9881D0F1D}.Debug|Any CPU.Build.0 = Debug|Any CPU
		{0203DC29-8FAA-486C-A970-71C9881D0F1D}.Release|Any CPU.ActiveCfg = Release|Any CPU
		{0203DC29-8FAA-486C-A970-71C9881D0F1D}.Release|Any CPU.Build.0 = Release|Any CPU
		{FC91E3DF-BAAB-44E1-A0A3-1EDE702B9067}.Debug|Any CPU.ActiveCfg = Debug|Any CPU
		{FC91E3DF-BAAB-44E1-A0A3-1EDE702B9067}.Debug|Any CPU.Build.0 = Debug|Any CPU
		{FC91E3DF-BAAB-44E1-A0A3-1EDE702B9067}.Release|Any CPU.ActiveCfg = Release|Any CPU
		{FC91E3DF-BAAB-44E1-A0A3-1EDE702B9067}.Release|Any CPU.Build.0 = Release|Any CPU
		{69174D15-2E45-4573-AD10-C523EAA7273C}.Debug|Any CPU.ActiveCfg = Debug|Any CPU
		{69174D15-2E45-4573-AD10-C523EAA7273C}.Debug|Any CPU.Build.0 = Debug|Any CPU
		{69174D15-2E45-4573-AD10-C523EAA7273C}.Release|Any CPU.ActiveCfg = Release|Any CPU
		{69174D15-2E45-4573-AD10-C523EAA7273C}.Release|Any CPU.Build.0 = Release|Any CPU
		{DE62744C-8A43-42E2-BF4E-20B57D216E79}.Debug|Any CPU.ActiveCfg = Debug|Any CPU
		{DE62744C-8A43-42E2-BF4E-20B57D216E79}.Debug|Any CPU.Build.0 = Debug|Any CPU
		{DE62744C-8A43-42E2-BF4E-20B57D216E79}.Release|Any CPU.ActiveCfg = Release|Any CPU
		{DE62744C-8A43-42E2-BF4E-20B57D216E79}.Release|Any CPU.Build.0 = Release|Any CPU
		{87B8E243-E3AE-4171-B707-61ADD14379F5}.Debug|Any CPU.ActiveCfg = Debug|Any CPU
		{87B8E243-E3AE-4171-B707-61ADD14379F5}.Debug|Any CPU.Build.0 = Debug|Any CPU
		{87B8E243-E3AE-4171-B707-61ADD14379F5}.Release|Any CPU.ActiveCfg = Release|Any CPU
		{87B8E243-E3AE-4171-B707-61ADD14379F5}.Release|Any CPU.Build.0 = Release|Any CPU
		{06A0E77B-9919-43E3-948C-9F7C74C87152}.Debug|Any CPU.ActiveCfg = Debug|Any CPU
		{06A0E77B-9919-43E3-948C-9F7C74C87152}.Debug|Any CPU.Build.0 = Debug|Any CPU
		{06A0E77B-9919-43E3-948C-9F7C74C87152}.Release|Any CPU.ActiveCfg = Release|Any CPU
		{06A0E77B-9919-43E3-948C-9F7C74C87152}.Release|Any CPU.Build.0 = Release|Any CPU
		{BCD3F18B-C364-4F58-8EC6-2C510AC892EC}.Debug|Any CPU.ActiveCfg = Debug|Any CPU
		{BCD3F18B-C364-4F58-8EC6-2C510AC892EC}.Debug|Any CPU.Build.0 = Debug|Any CPU
		{BCD3F18B-C364-4F58-8EC6-2C510AC892EC}.Release|Any CPU.ActiveCfg = Release|Any CPU
		{BCD3F18B-C364-4F58-8EC6-2C510AC892EC}.Release|Any CPU.Build.0 = Release|Any CPU
		{FE78362C-6C71-07B5-3AD0-40894D0CED97}.Debug|Any CPU.ActiveCfg = Debug|Any CPU
		{FE78362C-6C71-07B5-3AD0-40894D0CED97}.Debug|Any CPU.Build.0 = Debug|Any CPU
		{FE78362C-6C71-07B5-3AD0-40894D0CED97}.Release|Any CPU.ActiveCfg = Release|Any CPU
		{FE78362C-6C71-07B5-3AD0-40894D0CED97}.Release|Any CPU.Build.0 = Release|Any CPU
		{84FFFE1E-8BDE-3AD7-FE77-0F914F16CE10}.Debug|Any CPU.ActiveCfg = Debug|Any CPU
		{84FFFE1E-8BDE-3AD7-FE77-0F914F16CE10}.Debug|Any CPU.Build.0 = Debug|Any CPU
		{84FFFE1E-8BDE-3AD7-FE77-0F914F16CE10}.Release|Any CPU.ActiveCfg = Release|Any CPU
		{84FFFE1E-8BDE-3AD7-FE77-0F914F16CE10}.Release|Any CPU.Build.0 = Release|Any CPU
		{ED516998-DFA1-DBCD-5028-CEDD9CA4A3CA}.Debug|Any CPU.ActiveCfg = Debug|Any CPU
		{ED516998-DFA1-DBCD-5028-CEDD9CA4A3CA}.Debug|Any CPU.Build.0 = Debug|Any CPU
		{ED516998-DFA1-DBCD-5028-CEDD9CA4A3CA}.Release|Any CPU.ActiveCfg = Release|Any CPU
		{ED516998-DFA1-DBCD-5028-CEDD9CA4A3CA}.Release|Any CPU.Build.0 = Release|Any CPU
		{C1EFFB86-5DFF-474C-B1A3-38192DCE9F40}.Debug|Any CPU.ActiveCfg = Debug|Any CPU
		{C1EFFB86-5DFF-474C-B1A3-38192DCE9F40}.Debug|Any CPU.Build.0 = Debug|Any CPU
		{C1EFFB86-5DFF-474C-B1A3-38192DCE9F40}.Release|Any CPU.ActiveCfg = Release|Any CPU
		{C1EFFB86-5DFF-474C-B1A3-38192DCE9F40}.Release|Any CPU.Build.0 = Release|Any CPU
		{9EC1B1E1-A92C-4AA7-8029-6EAD2B047C66}.Debug|Any CPU.ActiveCfg = Debug|Any CPU
		{9EC1B1E1-A92C-4AA7-8029-6EAD2B047C66}.Debug|Any CPU.Build.0 = Debug|Any CPU
		{9EC1B1E1-A92C-4AA7-8029-6EAD2B047C66}.Release|Any CPU.ActiveCfg = Release|Any CPU
		{9EC1B1E1-A92C-4AA7-8029-6EAD2B047C66}.Release|Any CPU.Build.0 = Release|Any CPU
		{3C80A2E7-4C75-4024-848E-D50416A2F3EF}.Debug|Any CPU.ActiveCfg = Debug|Any CPU
		{3C80A2E7-4C75-4024-848E-D50416A2F3EF}.Debug|Any CPU.Build.0 = Debug|Any CPU
		{3C80A2E7-4C75-4024-848E-D50416A2F3EF}.Release|Any CPU.ActiveCfg = Release|Any CPU
		{3C80A2E7-4C75-4024-848E-D50416A2F3EF}.Release|Any CPU.Build.0 = Release|Any CPU
		{BAF2AE7E-DD87-D1C3-EC11-BE5F4490695A}.Debug|Any CPU.ActiveCfg = Debug|Any CPU
		{BAF2AE7E-DD87-D1C3-EC11-BE5F4490695A}.Debug|Any CPU.Build.0 = Debug|Any CPU
		{BAF2AE7E-DD87-D1C3-EC11-BE5F4490695A}.Release|Any CPU.ActiveCfg = Release|Any CPU
		{BAF2AE7E-DD87-D1C3-EC11-BE5F4490695A}.Release|Any CPU.Build.0 = Release|Any CPU
		{357BC8E6-5B03-4E1E-A403-F07461456CE6}.Debug|Any CPU.ActiveCfg = Debug|Any CPU
		{357BC8E6-5B03-4E1E-A403-F07461456CE6}.Debug|Any CPU.Build.0 = Debug|Any CPU
		{357BC8E6-5B03-4E1E-A403-F07461456CE6}.Release|Any CPU.ActiveCfg = Release|Any CPU
		{357BC8E6-5B03-4E1E-A403-F07461456CE6}.Release|Any CPU.Build.0 = Release|Any CPU
		{E1868604-D5C5-41EF-8F35-59C00E893218}.Debug|Any CPU.ActiveCfg = Debug|Any CPU
		{E1868604-D5C5-41EF-8F35-59C00E893218}.Debug|Any CPU.Build.0 = Debug|Any CPU
		{E1868604-D5C5-41EF-8F35-59C00E893218}.Release|Any CPU.ActiveCfg = Release|Any CPU
		{E1868604-D5C5-41EF-8F35-59C00E893218}.Release|Any CPU.Build.0 = Release|Any CPU
		{55D4A098-2DDD-4BA8-9245-67F7402C0CE6}.Debug|Any CPU.ActiveCfg = Debug|Any CPU
		{55D4A098-2DDD-4BA8-9245-67F7402C0CE6}.Debug|Any CPU.Build.0 = Debug|Any CPU
		{55D4A098-2DDD-4BA8-9245-67F7402C0CE6}.Release|Any CPU.ActiveCfg = Release|Any CPU
		{55D4A098-2DDD-4BA8-9245-67F7402C0CE6}.Release|Any CPU.Build.0 = Release|Any CPU
		{3B84D91D-44D8-468C-968C-335D2E15AF03}.Debug|Any CPU.ActiveCfg = Debug|Any CPU
		{3B84D91D-44D8-468C-968C-335D2E15AF03}.Debug|Any CPU.Build.0 = Debug|Any CPU
		{3B84D91D-44D8-468C-968C-335D2E15AF03}.Release|Any CPU.ActiveCfg = Release|Any CPU
		{3B84D91D-44D8-468C-968C-335D2E15AF03}.Release|Any CPU.Build.0 = Release|Any CPU
		{8FAD9704-11C8-4956-AB7A-863164DE4067}.Debug|Any CPU.ActiveCfg = Debug|Any CPU
		{8FAD9704-11C8-4956-AB7A-863164DE4067}.Debug|Any CPU.Build.0 = Debug|Any CPU
		{8FAD9704-11C8-4956-AB7A-863164DE4067}.Release|Any CPU.ActiveCfg = Release|Any CPU
		{8FAD9704-11C8-4956-AB7A-863164DE4067}.Release|Any CPU.Build.0 = Release|Any CPU
		{9EF65422-8A3D-4104-8CDC-CC9FEEEEFC88}.Debug|Any CPU.ActiveCfg = Debug|Any CPU
		{9EF65422-8A3D-4104-8CDC-CC9FEEEEFC88}.Debug|Any CPU.Build.0 = Debug|Any CPU
		{9EF65422-8A3D-4104-8CDC-CC9FEEEEFC88}.Release|Any CPU.ActiveCfg = Release|Any CPU
		{9EF65422-8A3D-4104-8CDC-CC9FEEEEFC88}.Release|Any CPU.Build.0 = Release|Any CPU
		{E6E861D3-1802-4825-9219-DB2D5DE60E30}.Debug|Any CPU.ActiveCfg = Debug|Any CPU
		{E6E861D3-1802-4825-9219-DB2D5DE60E30}.Debug|Any CPU.Build.0 = Debug|Any CPU
		{E6E861D3-1802-4825-9219-DB2D5DE60E30}.Release|Any CPU.ActiveCfg = Release|Any CPU
		{E6E861D3-1802-4825-9219-DB2D5DE60E30}.Release|Any CPU.Build.0 = Release|Any CPU
		{09AF6DE2-8398-4CFA-9184-685C73253AD1}.Debug|Any CPU.ActiveCfg = Debug|Any CPU
		{09AF6DE2-8398-4CFA-9184-685C73253AD1}.Debug|Any CPU.Build.0 = Debug|Any CPU
		{09AF6DE2-8398-4CFA-9184-685C73253AD1}.Release|Any CPU.ActiveCfg = Release|Any CPU
		{09AF6DE2-8398-4CFA-9184-685C73253AD1}.Release|Any CPU.Build.0 = Release|Any CPU
		{4F59C6A0-4AED-4048-8F56-78A0D5277800}.Debug|Any CPU.ActiveCfg = Debug|Any CPU
		{4F59C6A0-4AED-4048-8F56-78A0D5277800}.Debug|Any CPU.Build.0 = Debug|Any CPU
		{4F59C6A0-4AED-4048-8F56-78A0D5277800}.Release|Any CPU.ActiveCfg = Release|Any CPU
		{4F59C6A0-4AED-4048-8F56-78A0D5277800}.Release|Any CPU.Build.0 = Release|Any CPU
		{1D654ED2-3A26-4AD4-8515-0D5D3A27C2C0}.Debug|Any CPU.ActiveCfg = Debug|Any CPU
		{1D654ED2-3A26-4AD4-8515-0D5D3A27C2C0}.Debug|Any CPU.Build.0 = Debug|Any CPU
		{1D654ED2-3A26-4AD4-8515-0D5D3A27C2C0}.Release|Any CPU.ActiveCfg = Release|Any CPU
		{1D654ED2-3A26-4AD4-8515-0D5D3A27C2C0}.Release|Any CPU.Build.0 = Release|Any CPU
	EndGlobalSection
	GlobalSection(SolutionProperties) = preSolution
		HideSolutionNode = FALSE
	EndGlobalSection
	GlobalSection(NestedProjects) = preSolution
		{83E2D5A4-BD3A-4C45-81EE-D959CAF53FC9} = {3E3621C3-99EE-4A58-BD2E-D44CF9E86CB8}
		{3EEAE375-E08A-4E93-A384-E1D0A07BDA8D} = {83E2D5A4-BD3A-4C45-81EE-D959CAF53FC9}
		{63B78128-39BF-4428-B0A6-EB4B8B9186C7} = {83E2D5A4-BD3A-4C45-81EE-D959CAF53FC9}
		{8CEDDC49-493E-4665-A6BE-9DF75367A2E1} = {83E2D5A4-BD3A-4C45-81EE-D959CAF53FC9}
		{0452F570-4784-4395-81FA-7B2777BEE854} = {83E2D5A4-BD3A-4C45-81EE-D959CAF53FC9}
		{FD0FE898-1956-4E2E-9F85-164717300A70} = {83E2D5A4-BD3A-4C45-81EE-D959CAF53FC9}
		{F3E67265-A41D-4184-8159-1B80849F50E0} = {83E2D5A4-BD3A-4C45-81EE-D959CAF53FC9}
		{0203DC29-8FAA-486C-A970-71C9881D0F1D} = {83E2D5A4-BD3A-4C45-81EE-D959CAF53FC9}
		{3E63F761-ACBA-42AA-9455-9CD196D9661A} = {2C777C8A-7D51-477C-B49E-3ACF4DC51C9E}
		{C5E6CE1F-9B13-4440-8B81-613AB322C3AE} = {2C777C8A-7D51-477C-B49E-3ACF4DC51C9E}
		{E8F982A4-8B52-4658-BA3C-6FA66844E1D3} = {2C777C8A-7D51-477C-B49E-3ACF4DC51C9E}
		{6DB9E551-E5BB-4AF6-93DF-E5F20FDA8A06} = {2C777C8A-7D51-477C-B49E-3ACF4DC51C9E}
		{FC91E3DF-BAAB-44E1-A0A3-1EDE702B9067} = {709D351C-6C22-491C-BFAC-A2602406602B}
		{69174D15-2E45-4573-AD10-C523EAA7273C} = {83E2D5A4-BD3A-4C45-81EE-D959CAF53FC9}
		{DE62744C-8A43-42E2-BF4E-20B57D216E79} = {C5E6CE1F-9B13-4440-8B81-613AB322C3AE}
		{87B8E243-E3AE-4171-B707-61ADD14379F5} = {C5E6CE1F-9B13-4440-8B81-613AB322C3AE}
		{06A0E77B-9919-43E3-948C-9F7C74C87152} = {C5E6CE1F-9B13-4440-8B81-613AB322C3AE}
		{BCD3F18B-C364-4F58-8EC6-2C510AC892EC} = {C5E6CE1F-9B13-4440-8B81-613AB322C3AE}
		{FE78362C-6C71-07B5-3AD0-40894D0CED97} = {9ADED739-09DF-4692-848B-EF5B6C8D1C3A}
		{84FFFE1E-8BDE-3AD7-FE77-0F914F16CE10} = {3E63F761-ACBA-42AA-9455-9CD196D9661A}
		{ED516998-DFA1-DBCD-5028-CEDD9CA4A3CA} = {3E63F761-ACBA-42AA-9455-9CD196D9661A}
		{C1EFFB86-5DFF-474C-B1A3-38192DCE9F40} = {9ADED739-09DF-4692-848B-EF5B6C8D1C3A}
		{9EC1B1E1-A92C-4AA7-8029-6EAD2B047C66} = {9ADED739-09DF-4692-848B-EF5B6C8D1C3A}
		{3C80A2E7-4C75-4024-848E-D50416A2F3EF} = {9ADED739-09DF-4692-848B-EF5B6C8D1C3A}
		{BAF2AE7E-DD87-D1C3-EC11-BE5F4490695A} = {83E2D5A4-BD3A-4C45-81EE-D959CAF53FC9}
		{357BC8E6-5B03-4E1E-A403-F07461456CE6} = {9ADED739-09DF-4692-848B-EF5B6C8D1C3A}
		{E1868604-D5C5-41EF-8F35-59C00E893218} = {C5E6CE1F-9B13-4440-8B81-613AB322C3AE}
		{55D4A098-2DDD-4BA8-9245-67F7402C0CE6} = {C5E6CE1F-9B13-4440-8B81-613AB322C3AE}
		{3B84D91D-44D8-468C-968C-335D2E15AF03} = {9ADED739-09DF-4692-848B-EF5B6C8D1C3A}
		{8FAD9704-11C8-4956-AB7A-863164DE4067} = {9ADED739-09DF-4692-848B-EF5B6C8D1C3A}
		{9EF65422-8A3D-4104-8CDC-CC9FEEEEFC88} = {9ADED739-09DF-4692-848B-EF5B6C8D1C3A}
		{E6E861D3-1802-4825-9219-DB2D5DE60E30} = {3E3621C3-99EE-4A58-BD2E-D44CF9E86CB8}
		{09AF6DE2-8398-4CFA-9184-685C73253AD1} = {9ADED739-09DF-4692-848B-EF5B6C8D1C3A}
		{4F59C6A0-4AED-4048-8F56-78A0D5277800} = {9ADED739-09DF-4692-848B-EF5B6C8D1C3A}
		{1D654ED2-3A26-4AD4-8515-0D5D3A27C2C0} = {C5E6CE1F-9B13-4440-8B81-613AB322C3AE}
	EndGlobalSection
	GlobalSection(ExtensibilityGlobals) = postSolution
		SolutionGuid = {B18AC639-A118-4C82-A77B-766A66922707}
	EndGlobalSection
EndGlobal
